
Microsoft Visual Studio Solution File, Format Version 12.00
# Visual Studio Version 17
VisualStudioVersion = 17.6.33815.320
MinimumVisualStudioVersion = 10.0.40219.1
Project("{9A19103F-16F7-4668-BE54-9A1E7A4F7556}") = "BTKAkademi.WebApi", "BTKAkademi.WebApi\BTKAkademi.WebApi.csproj", "{64FDCA87-34D2-421B-B3B9-52F6C5C60FB7}"
EndProject
Project("{9A19103F-16F7-4668-BE54-9A1E7A4F7556}") = "Repositories", "Repositories\Repositories.csproj", "{26605274-6E1B-41A8-8557-59F87C76AD24}"
EndProject
Project("{9A19103F-16F7-4668-BE54-9A1E7A4F7556}") = "Services", "Services\Services.csproj", "{B25A0A15-EBBC-4F31-B873-A66815BD2340}"
EndProject
Project("{9A19103F-16F7-4668-BE54-9A1E7A4F7556}") = "Presentation", "Presentation\Presentation.csproj", "{B8CD8A28-0126-4363-9CCF-D4D728AF5DDD}"
EndProject
Project("{9A19103F-16F7-4668-BE54-9A1E7A4F7556}") = "Entities", "Entities\Entities.csproj", "{55B91EDB-C495-477F-856D-5F3BF4D23293}"
EndProject
Global
	GlobalSection(SolutionConfigurationPlatforms) = preSolution
		Debug|Any CPU = Debug|Any CPU
		Release|Any CPU = Release|Any CPU
	EndGlobalSection
	GlobalSection(ProjectConfigurationPlatforms) = postSolution
		{64FDCA87-34D2-421B-B3B9-52F6C5C60FB7}.Debug|Any CPU.ActiveCfg = Debug|Any CPU
		{64FDCA87-34D2-421B-B3B9-52F6C5C60FB7}.Debug|Any CPU.Build.0 = Debug|Any CPU
		{64FDCA87-34D2-421B-B3B9-52F6C5C60FB7}.Release|Any CPU.ActiveCfg = Release|Any CPU
		{64FDCA87-34D2-421B-B3B9-52F6C5C60FB7}.Release|Any CPU.Build.0 = Release|Any CPU
		{26605274-6E1B-41A8-8557-59F87C76AD24}.Debug|Any CPU.ActiveCfg = Debug|Any CPU
		{26605274-6E1B-41A8-8557-59F87C76AD24}.Debug|Any CPU.Build.0 = Debug|Any CPU
		{26605274-6E1B-41A8-8557-59F87C76AD24}.Release|Any CPU.ActiveCfg = Release|Any CPU
		{26605274-6E1B-41A8-8557-59F87C76AD24}.Release|Any CPU.Build.0 = Release|Any CPU
		{B25A0A15-EBBC-4F31-B873-A66815BD2340}.Debug|Any CPU.ActiveCfg = Debug|Any CPU
		{B25A0A15-EBBC-4F31-B873-A66815BD2340}.Debug|Any CPU.Build.0 = Debug|Any CPU
		{B25A0A15-EBBC-4F31-B873-A66815BD2340}.Release|Any CPU.ActiveCfg = Release|Any CPU
		{B25A0A15-EBBC-4F31-B873-A66815BD2340}.Release|Any CPU.Build.0 = Release|Any CPU
		{B8CD8A28-0126-4363-9CCF-D4D728AF5DDD}.Debug|Any CPU.ActiveCfg = Debug|Any CPU
		{B8CD8A28-0126-4363-9CCF-D4D728AF5DDD}.Debug|Any CPU.Build.0 = Debug|Any CPU
		{B8CD8A28-0126-4363-9CCF-D4D728AF5DDD}.Release|Any CPU.ActiveCfg = Release|Any CPU
		{B8CD8A28-0126-4363-9CCF-D4D728AF5DDD}.Release|Any CPU.Build.0 = Release|Any CPU
		{55B91EDB-C495-477F-856D-5F3BF4D23293}.Debug|Any CPU.ActiveCfg = Debug|Any CPU
		{55B91EDB-C495-477F-856D-5F3BF4D23293}.Debug|Any CPU.Build.0 = Debug|Any CPU
		{55B91EDB-C495-477F-856D-5F3BF4D23293}.Release|Any CPU.ActiveCfg = Release|Any CPU
		{55B91EDB-C495-477F-856D-5F3BF4D23293}.Release|Any CPU.Build.0 = Release|Any CPU
	EndGlobalSection
	GlobalSection(SolutionProperties) = preSolution
		HideSolutionNode = FALSE
	EndGlobalSection
	GlobalSection(ExtensibilityGlobals) = postSolution
		SolutionGuid = {9C67DE03-65A2-477A-B236-BF8DFC45693C}
	EndGlobalSection
EndGlobal
